
Microsoft Visual Studio Solution File, Format Version 12.00
# Visual Studio 15
VisualStudioVersion = 15.0.28010.2026
MinimumVisualStudioVersion = 10.0.40219.1
Project("{FAE04EC0-301F-11D3-BF4B-00C04F79EFBC}") = "IBook.Android", "IBook\IBook.Android\IBook.Android.csproj", "{473E1B21-C9C8-4303-BD68-2A158B59A982}"
EndProject
Project("{FAE04EC0-301F-11D3-BF4B-00C04F79EFBC}") = "IBook.iOS", "IBook\IBook.iOS\IBook.iOS.csproj", "{15EF0446-0527-4636-8D92-8D481319D076}"
EndProject
Project("{FAE04EC0-301F-11D3-BF4B-00C04F79EFBC}") = "IBook.UWP", "IBook\IBook.UWP\IBook.UWP.csproj", "{184F6F95-717C-4DBD-875F-7C8AF88B3E26}"
EndProject
Project("{FAE04EC0-301F-11D3-BF4B-00C04F79EFBC}") = "IBook", "IBook\IBook\IBook.csproj", "{8D1E2ABE-84CE-4FEE-BB50-FDBA9A55AFA6}"
EndProject
Global
	GlobalSection(SolutionConfigurationPlatforms) = preSolution
		Ad-Hoc|Any CPU = Ad-Hoc|Any CPU
		Ad-Hoc|ARM = Ad-Hoc|ARM
		Ad-Hoc|iPhone = Ad-Hoc|iPhone
		Ad-Hoc|iPhoneSimulator = Ad-Hoc|iPhoneSimulator
		Ad-Hoc|x64 = Ad-Hoc|x64
		Ad-Hoc|x86 = Ad-Hoc|x86
		AppStore|Any CPU = AppStore|Any CPU
		AppStore|ARM = AppStore|ARM
		AppStore|iPhone = AppStore|iPhone
		AppStore|iPhoneSimulator = AppStore|iPhoneSimulator
		AppStore|x64 = AppStore|x64
		AppStore|x86 = AppStore|x86
		Debug|Any CPU = Debug|Any CPU
		Debug|ARM = Debug|ARM
		Debug|iPhone = Debug|iPhone
		Debug|iPhoneSimulator = Debug|iPhoneSimulator
		Debug|x64 = Debug|x64
		Debug|x86 = Debug|x86
		Release|Any CPU = Release|Any CPU
		Release|ARM = Release|ARM
		Release|iPhone = Release|iPhone
		Release|iPhoneSimulator = Release|iPhoneSimulator
		Release|x64 = Release|x64
		Release|x86 = Release|x86
	EndGlobalSection
	GlobalSection(ProjectConfigurationPlatforms) = postSolution
		{473E1B21-C9C8-4303-BD68-2A158B59A982}.Ad-Hoc|Any CPU.ActiveCfg = Release|Any CPU
		{473E1B21-C9C8-4303-BD68-2A158B59A982}.Ad-Hoc|Any CPU.Build.0 = Release|Any CPU
		{473E1B21-C9C8-4303-BD68-2A158B59A982}.Ad-Hoc|Any CPU.Deploy.0 = Release|Any CPU
		{473E1B21-C9C8-4303-BD68-2A158B59A982}.Ad-Hoc|ARM.ActiveCfg = Release|Any CPU
		{473E1B21-C9C8-4303-BD68-2A158B59A982}.Ad-Hoc|ARM.Build.0 = Release|Any CPU
		{473E1B21-C9C8-4303-BD68-2A158B59A982}.Ad-Hoc|ARM.Deploy.0 = Release|Any CPU
		{473E1B21-C9C8-4303-BD68-2A158B59A982}.Ad-Hoc|iPhone.ActiveCfg = Release|Any CPU
		{473E1B21-C9C8-4303-BD68-2A158B59A982}.Ad-Hoc|iPhone.Build.0 = Release|Any CPU
		{473E1B21-C9C8-4303-BD68-2A158B59A982}.Ad-Hoc|iPhone.Deploy.0 = Release|Any CPU
		{473E1B21-C9C8-4303-BD68-2A158B59A982}.Ad-Hoc|iPhoneSimulator.ActiveCfg = Release|Any CPU
		{473E1B21-C9C8-4303-BD68-2A158B59A982}.Ad-Hoc|iPhoneSimulator.Build.0 = Release|Any CPU
		{473E1B21-C9C8-4303-BD68-2A158B59A982}.Ad-Hoc|iPhoneSimulator.Deploy.0 = Release|Any CPU
		{473E1B21-C9C8-4303-BD68-2A158B59A982}.Ad-Hoc|x64.ActiveCfg = Release|Any CPU
		{473E1B21-C9C8-4303-BD68-2A158B59A982}.Ad-Hoc|x64.Build.0 = Release|Any CPU
		{473E1B21-C9C8-4303-BD68-2A158B59A982}.Ad-Hoc|x64.Deploy.0 = Release|Any CPU
		{473E1B21-C9C8-4303-BD68-2A158B59A982}.Ad-Hoc|x86.ActiveCfg = Release|Any CPU
		{473E1B21-C9C8-4303-BD68-2A158B59A982}.Ad-Hoc|x86.Build.0 = Release|Any CPU
		{473E1B21-C9C8-4303-BD68-2A158B59A982}.Ad-Hoc|x86.Deploy.0 = Release|Any CPU
		{473E1B21-C9C8-4303-BD68-2A158B59A982}.AppStore|Any CPU.ActiveCfg = Release|Any CPU
		{473E1B21-C9C8-4303-BD68-2A158B59A982}.AppStore|Any CPU.Build.0 = Release|Any CPU
		{473E1B21-C9C8-4303-BD68-2A158B59A982}.AppStore|Any CPU.Deploy.0 = Release|Any CPU
		{473E1B21-C9C8-4303-BD68-2A158B59A982}.AppStore|ARM.ActiveCfg = Release|Any CPU
		{473E1B21-C9C8-4303-BD68-2A158B59A982}.AppStore|ARM.Build.0 = Release|Any CPU
		{473E1B21-C9C8-4303-BD68-2A158B59A982}.AppStore|ARM.Deploy.0 = Release|Any CPU
		{473E1B21-C9C8-4303-BD68-2A158B59A982}.AppStore|iPhone.ActiveCfg = Release|Any CPU
		{473E1B21-C9C8-4303-BD68-2A158B59A982}.AppStore|iPhone.Build.0 = Release|Any CPU
		{473E1B21-C9C8-4303-BD68-2A158B59A982}.AppStore|iPhone.Deploy.0 = Release|Any CPU
		{473E1B21-C9C8-4303-BD68-2A158B59A982}.AppStore|iPhoneSimulator.ActiveCfg = Release|Any CPU
		{473E1B21-C9C8-4303-BD68-2A158B59A982}.AppStore|iPhoneSimulator.Build.0 = Release|Any CPU
		{473E1B21-C9C8-4303-BD68-2A158B59A982}.AppStore|iPhoneSimulator.Deploy.0 = Release|Any CPU
		{473E1B21-C9C8-4303-BD68-2A158B59A982}.AppStore|x64.ActiveCfg = Release|Any CPU
		{473E1B21-C9C8-4303-BD68-2A158B59A982}.AppStore|x64.Build.0 = Release|Any CPU
		{473E1B21-C9C8-4303-BD68-2A158B59A982}.AppStore|x64.Deploy.0 = Release|Any CPU
		{473E1B21-C9C8-4303-BD68-2A158B59A982}.AppStore|x86.ActiveCfg = Release|Any CPU
		{473E1B21-C9C8-4303-BD68-2A158B59A982}.AppStore|x86.Build.0 = Release|Any CPU
		{473E1B21-C9C8-4303-BD68-2A158B59A982}.AppStore|x86.Deploy.0 = Release|Any CPU
		{473E1B21-C9C8-4303-BD68-2A158B59A982}.Debug|Any CPU.ActiveCfg = Debug|Any CPU
		{473E1B21-C9C8-4303-BD68-2A158B59A982}.Debug|Any CPU.Build.0 = Debug|Any CPU
		{473E1B21-C9C8-4303-BD68-2A158B59A982}.Debug|Any CPU.Deploy.0 = Debug|Any CPU
		{473E1B21-C9C8-4303-BD68-2A158B59A982}.Debug|ARM.ActiveCfg = Debug|Any CPU
		{473E1B21-C9C8-4303-BD68-2A158B59A982}.Debug|ARM.Build.0 = Debug|Any CPU
		{473E1B21-C9C8-4303-BD68-2A158B59A982}.Debug|ARM.Deploy.0 = Debug|Any CPU
		{473E1B21-C9C8-4303-BD68-2A158B59A982}.Debug|iPhone.ActiveCfg = Debug|Any CPU
		{473E1B21-C9C8-4303-BD68-2A158B59A982}.Debug|iPhone.Build.0 = Debug|Any CPU
		{473E1B21-C9C8-4303-BD68-2A158B59A982}.Debug|iPhone.Deploy.0 = Debug|Any CPU
		{473E1B21-C9C8-4303-BD68-2A158B59A982}.Debug|iPhoneSimulator.ActiveCfg = Debug|Any CPU
		{473E1B21-C9C8-4303-BD68-2A158B59A982}.Debug|iPhoneSimulator.Build.0 = Debug|Any CPU
		{473E1B21-C9C8-4303-BD68-2A158B59A982}.Debug|iPhoneSimulator.Deploy.0 = Debug|Any CPU
		{473E1B21-C9C8-4303-BD68-2A158B59A982}.Debug|x64.ActiveCfg = Debug|Any CPU
		{473E1B21-C9C8-4303-BD68-2A158B59A982}.Debug|x64.Build.0 = Debug|Any CPU
		{473E1B21-C9C8-4303-BD68-2A158B59A982}.Debug|x64.Deploy.0 = Debug|Any CPU
		{473E1B21-C9C8-4303-BD68-2A158B59A982}.Debug|x86.ActiveCfg = Debug|Any CPU
		{473E1B21-C9C8-4303-BD68-2A158B59A982}.Debug|x86.Build.0 = Debug|Any CPU
		{473E1B21-C9C8-4303-BD68-2A158B59A982}.Debug|x86.Deploy.0 = Debug|Any CPU
		{473E1B21-C9C8-4303-BD68-2A158B59A982}.Release|Any CPU.ActiveCfg = Release|Any CPU
		{473E1B21-C9C8-4303-BD68-2A158B59A982}.Release|Any CPU.Build.0 = Release|Any CPU
		{473E1B21-C9C8-4303-BD68-2A158B59A982}.Release|Any CPU.Deploy.0 = Release|Any CPU
		{473E1B21-C9C8-4303-BD68-2A158B59A982}.Release|ARM.ActiveCfg = Release|Any CPU
		{473E1B21-C9C8-4303-BD68-2A158B59A982}.Release|ARM.Build.0 = Release|Any CPU
		{473E1B21-C9C8-4303-BD68-2A158B59A982}.Release|ARM.Deploy.0 = Release|Any CPU
		{473E1B21-C9C8-4303-BD68-2A158B59A982}.Release|iPhone.ActiveCfg = Release|Any CPU
		{473E1B21-C9C8-4303-BD68-2A158B59A982}.Release|iPhone.Build.0 = Release|Any CPU
		{473E1B21-C9C8-4303-BD68-2A158B59A982}.Release|iPhone.Deploy.0 = Release|Any CPU
		{473E1B21-C9C8-4303-BD68-2A158B59A982}.Release|iPhoneSimulator.ActiveCfg = Release|Any CPU
		{473E1B21-C9C8-4303-BD68-2A158B59A982}.Release|iPhoneSimulator.Build.0 = Release|Any CPU
		{473E1B21-C9C8-4303-BD68-2A158B59A982}.Release|iPhoneSimulator.Deploy.0 = Release|Any CPU
		{473E1B21-C9C8-4303-BD68-2A158B59A982}.Release|x64.ActiveCfg = Release|Any CPU
		{473E1B21-C9C8-4303-BD68-2A158B59A982}.Release|x64.Build.0 = Release|Any CPU
		{473E1B21-C9C8-4303-BD68-2A158B59A982}.Release|x64.Deploy.0 = Release|Any CPU
		{473E1B21-C9C8-4303-BD68-2A158B59A982}.Release|x86.ActiveCfg = Release|Any CPU
		{473E1B21-C9C8-4303-BD68-2A158B59A982}.Release|x86.Build.0 = Release|Any CPU
		{473E1B21-C9C8-4303-BD68-2A158B59A982}.Release|x86.Deploy.0 = Release|Any CPU
		{15EF0446-0527-4636-8D92-8D481319D076}.Ad-Hoc|Any CPU.ActiveCfg = Ad-Hoc|iPhone
		{15EF0446-0527-4636-8D92-8D481319D076}.Ad-Hoc|Any CPU.Build.0 = Ad-Hoc|iPhone
		{15EF0446-0527-4636-8D92-8D481319D076}.Ad-Hoc|Any CPU.Deploy.0 = Ad-Hoc|iPhone
		{15EF0446-0527-4636-8D92-8D481319D076}.Ad-Hoc|ARM.ActiveCfg = Ad-Hoc|iPhone
		{15EF0446-0527-4636-8D92-8D481319D076}.Ad-Hoc|ARM.Build.0 = Ad-Hoc|iPhone
		{15EF0446-0527-4636-8D92-8D481319D076}.Ad-Hoc|ARM.Deploy.0 = Ad-Hoc|iPhone
		{15EF0446-0527-4636-8D92-8D481319D076}.Ad-Hoc|iPhone.ActiveCfg = Ad-Hoc|iPhone
		{15EF0446-0527-4636-8D92-8D481319D076}.Ad-Hoc|iPhone.Build.0 = Ad-Hoc|iPhone
		{15EF0446-0527-4636-8D92-8D481319D076}.Ad-Hoc|iPhone.Deploy.0 = Ad-Hoc|iPhone
		{15EF0446-0527-4636-8D92-8D481319D076}.Ad-Hoc|iPhoneSimulator.ActiveCfg = Ad-Hoc|iPhoneSimulator
		{15EF0446-0527-4636-8D92-8D481319D076}.Ad-Hoc|iPhoneSimulator.Build.0 = Ad-Hoc|iPhoneSimulator
		{15EF0446-0527-4636-8D92-8D481319D076}.Ad-Hoc|iPhoneSimulator.Deploy.0 = Ad-Hoc|iPhoneSimulator
		{15EF0446-0527-4636-8D92-8D481319D076}.Ad-Hoc|x64.ActiveCfg = Ad-Hoc|iPhone
		{15EF0446-0527-4636-8D92-8D481319D076}.Ad-Hoc|x64.Build.0 = Ad-Hoc|iPhone
		{15EF0446-0527-4636-8D92-8D481319D076}.Ad-Hoc|x64.Deploy.0 = Ad-Hoc|iPhone
		{15EF0446-0527-4636-8D92-8D481319D076}.Ad-Hoc|x86.ActiveCfg = Ad-Hoc|iPhone
		{15EF0446-0527-4636-8D92-8D481319D076}.Ad-Hoc|x86.Build.0 = Ad-Hoc|iPhone
		{15EF0446-0527-4636-8D92-8D481319D076}.Ad-Hoc|x86.Deploy.0 = Ad-Hoc|iPhone
		{15EF0446-0527-4636-8D92-8D481319D076}.AppStore|Any CPU.ActiveCfg = AppStore|iPhone
		{15EF0446-0527-4636-8D92-8D481319D076}.AppStore|Any CPU.Build.0 = AppStore|iPhone
		{15EF0446-0527-4636-8D92-8D481319D076}.AppStore|Any CPU.Deploy.0 = AppStore|iPhone
		{15EF0446-0527-4636-8D92-8D481319D076}.AppStore|ARM.ActiveCfg = AppStore|iPhone
		{15EF0446-0527-4636-8D92-8D481319D076}.AppStore|ARM.Build.0 = AppStore|iPhone
		{15EF0446-0527-4636-8D92-8D481319D076}.AppStore|ARM.Deploy.0 = AppStore|iPhone
		{15EF0446-0527-4636-8D92-8D481319D076}.AppStore|iPhone.ActiveCfg = AppStore|iPhone
		{15EF0446-0527-4636-8D92-8D481319D076}.AppStore|iPhone.Build.0 = AppStore|iPhone
		{15EF0446-0527-4636-8D92-8D481319D076}.AppStore|iPhone.Deploy.0 = AppStore|iPhone
		{15EF0446-0527-4636-8D92-8D481319D076}.AppStore|iPhoneSimulator.ActiveCfg = AppStore|iPhoneSimulator
		{15EF0446-0527-4636-8D92-8D481319D076}.AppStore|iPhoneSimulator.Build.0 = AppStore|iPhoneSimulator
		{15EF0446-0527-4636-8D92-8D481319D076}.AppStore|iPhoneSimulator.Deploy.0 = AppStore|iPhoneSimulator
		{15EF0446-0527-4636-8D92-8D481319D076}.AppStore|x64.ActiveCfg = AppStore|iPhone
		{15EF0446-0527-4636-8D92-8D481319D076}.AppStore|x64.Build.0 = AppStore|iPhone
		{15EF0446-0527-4636-8D92-8D481319D076}.AppStore|x64.Deploy.0 = AppStore|iPhone
		{15EF0446-0527-4636-8D92-8D481319D076}.AppStore|x86.ActiveCfg = AppStore|iPhone
		{15EF0446-0527-4636-8D92-8D481319D076}.AppStore|x86.Build.0 = AppStore|iPhone
		{15EF0446-0527-4636-8D92-8D481319D076}.AppStore|x86.Deploy.0 = AppStore|iPhone
		{15EF0446-0527-4636-8D92-8D481319D076}.Debug|Any CPU.ActiveCfg = Debug|iPhoneSimulator
		{15EF0446-0527-4636-8D92-8D481319D076}.Debug|Any CPU.Build.0 = Debug|iPhoneSimulator
		{15EF0446-0527-4636-8D92-8D481319D076}.Debug|Any CPU.Deploy.0 = Debug|iPhoneSimulator
		{15EF0446-0527-4636-8D92-8D481319D076}.Debug|ARM.ActiveCfg = Debug|iPhone
		{15EF0446-0527-4636-8D92-8D481319D076}.Debug|ARM.Build.0 = Debug|iPhone
		{15EF0446-0527-4636-8D92-8D481319D076}.Debug|ARM.Deploy.0 = Debug|iPhone
		{15EF0446-0527-4636-8D92-8D481319D076}.Debug|iPhone.ActiveCfg = Debug|iPhone
		{15EF0446-0527-4636-8D92-8D481319D076}.Debug|iPhone.Build.0 = Debug|iPhone
		{15EF0446-0527-4636-8D92-8D481319D076}.Debug|iPhone.Deploy.0 = Debug|iPhone
		{15EF0446-0527-4636-8D92-8D481319D076}.Debug|iPhoneSimulator.ActiveCfg = Debug|iPhoneSimulator
		{15EF0446-0527-4636-8D92-8D481319D076}.Debug|iPhoneSimulator.Build.0 = Debug|iPhoneSimulator
		{15EF0446-0527-4636-8D92-8D481319D076}.Debug|iPhoneSimulator.Deploy.0 = Debug|iPhoneSimulator
		{15EF0446-0527-4636-8D92-8D481319D076}.Debug|x64.ActiveCfg = Debug|iPhone
		{15EF0446-0527-4636-8D92-8D481319D076}.Debug|x64.Build.0 = Debug|iPhone
		{15EF0446-0527-4636-8D92-8D481319D076}.Debug|x64.Deploy.0 = Debug|iPhone
		{15EF0446-0527-4636-8D92-8D481319D076}.Debug|x86.ActiveCfg = Debug|iPhone
		{15EF0446-0527-4636-8D92-8D481319D076}.Debug|x86.Build.0 = Debug|iPhone
		{15EF0446-0527-4636-8D92-8D481319D076}.Debug|x86.Deploy.0 = Debug|iPhone
		{15EF0446-0527-4636-8D92-8D481319D076}.Release|Any CPU.ActiveCfg = Release|iPhone
		{15EF0446-0527-4636-8D92-8D481319D076}.Release|Any CPU.Build.0 = Release|iPhone
		{15EF0446-0527-4636-8D92-8D481319D076}.Release|Any CPU.Deploy.0 = Release|iPhone
		{15EF0446-0527-4636-8D92-8D481319D076}.Release|ARM.ActiveCfg = Release|iPhone
		{15EF0446-0527-4636-8D92-8D481319D076}.Release|ARM.Build.0 = Release|iPhone
		{15EF0446-0527-4636-8D92-8D481319D076}.Release|ARM.Deploy.0 = Release|iPhone
		{15EF0446-0527-4636-8D92-8D481319D076}.Release|iPhone.ActiveCfg = Release|iPhone
		{15EF0446-0527-4636-8D92-8D481319D076}.Release|iPhone.Build.0 = Release|iPhone
		{15EF0446-0527-4636-8D92-8D481319D076}.Release|iPhone.Deploy.0 = Release|iPhone
		{15EF0446-0527-4636-8D92-8D481319D076}.Release|iPhoneSimulator.ActiveCfg = Release|iPhoneSimulator
		{15EF0446-0527-4636-8D92-8D481319D076}.Release|iPhoneSimulator.Build.0 = Release|iPhoneSimulator
		{15EF0446-0527-4636-8D92-8D481319D076}.Release|iPhoneSimulator.Deploy.0 = Release|iPhoneSimulator
		{15EF0446-0527-4636-8D92-8D481319D076}.Release|x64.ActiveCfg = Release|iPhone
		{15EF0446-0527-4636-8D92-8D481319D076}.Release|x64.Build.0 = Release|iPhone
		{15EF0446-0527-4636-8D92-8D481319D076}.Release|x64.Deploy.0 = Release|iPhone
		{15EF0446-0527-4636-8D92-8D481319D076}.Release|x86.ActiveCfg = Release|iPhone
		{15EF0446-0527-4636-8D92-8D481319D076}.Release|x86.Build.0 = Release|iPhone
		{15EF0446-0527-4636-8D92-8D481319D076}.Release|x86.Deploy.0 = Release|iPhone
		{184F6F95-717C-4DBD-875F-7C8AF88B3E26}.Ad-Hoc|Any CPU.ActiveCfg = Release|x86
		{184F6F95-717C-4DBD-875F-7C8AF88B3E26}.Ad-Hoc|Any CPU.Build.0 = Release|x86
		{184F6F95-717C-4DBD-875F-7C8AF88B3E26}.Ad-Hoc|Any CPU.Deploy.0 = Release|x86
		{184F6F95-717C-4DBD-875F-7C8AF88B3E26}.Ad-Hoc|ARM.ActiveCfg = Release|ARM
		{184F6F95-717C-4DBD-875F-7C8AF88B3E26}.Ad-Hoc|ARM.Build.0 = Release|ARM
		{184F6F95-717C-4DBD-875F-7C8AF88B3E26}.Ad-Hoc|ARM.Deploy.0 = Release|ARM
		{184F6F95-717C-4DBD-875F-7C8AF88B3E26}.Ad-Hoc|iPhone.ActiveCfg = Release|x86
		{184F6F95-717C-4DBD-875F-7C8AF88B3E26}.Ad-Hoc|iPhone.Build.0 = Release|x86
		{184F6F95-717C-4DBD-875F-7C8AF88B3E26}.Ad-Hoc|iPhone.Deploy.0 = Release|x86
		{184F6F95-717C-4DBD-875F-7C8AF88B3E26}.Ad-Hoc|iPhoneSimulator.ActiveCfg = Release|x86
		{184F6F95-717C-4DBD-875F-7C8AF88B3E26}.Ad-Hoc|iPhoneSimulator.Build.0 = Release|x86
		{184F6F95-717C-4DBD-875F-7C8AF88B3E26}.Ad-Hoc|iPhoneSimulator.Deploy.0 = Release|x86
		{184F6F95-717C-4DBD-875F-7C8AF88B3E26}.Ad-Hoc|x64.ActiveCfg = Release|x64
		{184F6F95-717C-4DBD-875F-7C8AF88B3E26}.Ad-Hoc|x64.Build.0 = Release|x64
		{184F6F95-717C-4DBD-875F-7C8AF88B3E26}.Ad-Hoc|x64.Deploy.0 = Release|x64
		{184F6F95-717C-4DBD-875F-7C8AF88B3E26}.Ad-Hoc|x86.ActiveCfg = Release|x86
		{184F6F95-717C-4DBD-875F-7C8AF88B3E26}.Ad-Hoc|x86.Build.0 = Release|x86
		{184F6F95-717C-4DBD-875F-7C8AF88B3E26}.Ad-Hoc|x86.Deploy.0 = Release|x86
		{184F6F95-717C-4DBD-875F-7C8AF88B3E26}.AppStore|Any CPU.ActiveCfg = Release|x86
		{184F6F95-717C-4DBD-875F-7C8AF88B3E26}.AppStore|Any CPU.Build.0 = Release|x86
		{184F6F95-717C-4DBD-875F-7C8AF88B3E26}.AppStore|Any CPU.Deploy.0 = Release|x86
		{184F6F95-717C-4DBD-875F-7C8AF88B3E26}.AppStore|ARM.ActiveCfg = Release|ARM
		{184F6F95-717C-4DBD-875F-7C8AF88B3E26}.AppStore|ARM.Build.0 = Release|ARM
		{184F6F95-717C-4DBD-875F-7C8AF88B3E26}.AppStore|ARM.Deploy.0 = Release|ARM
		{184F6F95-717C-4DBD-875F-7C8AF88B3E26}.AppStore|iPhone.ActiveCfg = Release|x86
		{184F6F95-717C-4DBD-875F-7C8AF88B3E26}.AppStore|iPhone.Build.0 = Release|x86
		{184F6F95-717C-4DBD-875F-7C8AF88B3E26}.AppStore|iPhone.Deploy.0 = Release|x86
		{184F6F95-717C-4DBD-875F-7C8AF88B3E26}.AppStore|iPhoneSimulator.ActiveCfg = Release|x86
		{184F6F95-717C-4DBD-875F-7C8AF88B3E26}.AppStore|iPhoneSimulator.Build.0 = Release|x86
		{184F6F95-717C-4DBD-875F-7C8AF88B3E26}.AppStore|iPhoneSimulator.Deploy.0 = Release|x86
		{184F6F95-717C-4DBD-875F-7C8AF88B3E26}.AppStore|x64.ActiveCfg = Release|x64
		{184F6F95-717C-4DBD-875F-7C8AF88B3E26}.AppStore|x64.Build.0 = Release|x64
		{184F6F95-717C-4DBD-875F-7C8AF88B3E26}.AppStore|x64.Deploy.0 = Release|x64
		{184F6F95-717C-4DBD-875F-7C8AF88B3E26}.AppStore|x86.ActiveCfg = Release|x86
		{184F6F95-717C-4DBD-875F-7C8AF88B3E26}.AppStore|x86.Build.0 = Release|x86
		{184F6F95-717C-4DBD-875F-7C8AF88B3E26}.AppStore|x86.Deploy.0 = Release|x86
		{184F6F95-717C-4DBD-875F-7C8AF88B3E26}.Debug|Any CPU.ActiveCfg = Debug|x86
		{184F6F95-717C-4DBD-875F-7C8AF88B3E26}.Debug|Any CPU.Build.0 = Debug|x86
		{184F6F95-717C-4DBD-875F-7C8AF88B3E26}.Debug|Any CPU.Deploy.0 = Debug|x86
		{184F6F95-717C-4DBD-875F-7C8AF88B3E26}.Debug|ARM.ActiveCfg = Debug|ARM
		{184F6F95-717C-4DBD-875F-7C8AF88B3E26}.Debug|ARM.Build.0 = Debug|ARM
		{184F6F95-717C-4DBD-875F-7C8AF88B3E26}.Debug|ARM.Deploy.0 = Debug|ARM
		{184F6F95-717C-4DBD-875F-7C8AF88B3E26}.Debug|iPhone.ActiveCfg = Debug|x86
		{184F6F95-717C-4DBD-875F-7C8AF88B3E26}.Debug|iPhone.Build.0 = Debug|x86
		{184F6F95-717C-4DBD-875F-7C8AF88B3E26}.Debug|iPhone.Deploy.0 = Debug|x86
		{184F6F95-717C-4DBD-875F-7C8AF88B3E26}.Debug|iPhoneSimulator.ActiveCfg = Debug|x86
		{184F6F95-717C-4DBD-875F-7C8AF88B3E26}.Debug|iPhoneSimulator.Build.0 = Debug|x86
		{184F6F95-717C-4DBD-875F-7C8AF88B3E26}.Debug|iPhoneSimulator.Deploy.0 = Debug|x86
		{184F6F95-717C-4DBD-875F-7C8AF88B3E26}.Debug|x64.ActiveCfg = Debug|x64
		{184F6F95-717C-4DBD-875F-7C8AF88B3E26}.Debug|x64.Build.0 = Debug|x64
		{184F6F95-717C-4DBD-875F-7C8AF88B3E26}.Debug|x64.Deploy.0 = Debug|x64
		{184F6F95-717C-4DBD-875F-7C8AF88B3E26}.Debug|x86.ActiveCfg = Debug|x86
		{184F6F95-717C-4DBD-875F-7C8AF88B3E26}.Debug|x86.Build.0 = Debug|x86
		{184F6F95-717C-4DBD-875F-7C8AF88B3E26}.Debug|x86.Deploy.0 = Debug|x86
		{184F6F95-717C-4DBD-875F-7C8AF88B3E26}.Release|Any CPU.ActiveCfg = Release|x86
		{184F6F95-717C-4DBD-875F-7C8AF88B3E26}.Release|Any CPU.Build.0 = Release|x86
		{184F6F95-717C-4DBD-875F-7C8AF88B3E26}.Release|Any CPU.Deploy.0 = Release|x86
		{184F6F95-717C-4DBD-875F-7C8AF88B3E26}.Release|ARM.ActiveCfg = Release|ARM
		{184F6F95-717C-4DBD-875F-7C8AF88B3E26}.Release|ARM.Build.0 = Release|ARM
		{184F6F95-717C-4DBD-875F-7C8AF88B3E26}.Release|ARM.Deploy.0 = Release|ARM
		{184F6F95-717C-4DBD-875F-7C8AF88B3E26}.Release|iPhone.ActiveCfg = Release|x86
		{184F6F95-717C-4DBD-875F-7C8AF88B3E26}.Release|iPhone.Build.0 = Release|x86
		{184F6F95-717C-4DBD-875F-7C8AF88B3E26}.Release|iPhone.Deploy.0 = Release|x86
		{184F6F95-717C-4DBD-875F-7C8AF88B3E26}.Release|iPhoneSimulator.ActiveCfg = Release|x86
		{184F6F95-717C-4DBD-875F-7C8AF88B3E26}.Release|iPhoneSimulator.Build.0 = Release|x86
		{184F6F95-717C-4DBD-875F-7C8AF88B3E26}.Release|iPhoneSimulator.Deploy.0 = Release|x86
		{184F6F95-717C-4DBD-875F-7C8AF88B3E26}.Release|x64.ActiveCfg = Release|x64
		{184F6F95-717C-4DBD-875F-7C8AF88B3E26}.Release|x64.Build.0 = Release|x64
		{184F6F95-717C-4DBD-875F-7C8AF88B3E26}.Release|x64.Deploy.0 = Release|x64
		{184F6F95-717C-4DBD-875F-7C8AF88B3E26}.Release|x86.ActiveCfg = Release|x86
		{184F6F95-717C-4DBD-875F-7C8AF88B3E26}.Release|x86.Build.0 = Release|x86
		{184F6F95-717C-4DBD-875F-7C8AF88B3E26}.Release|x86.Deploy.0 = Release|x86
		{8D1E2ABE-84CE-4FEE-BB50-FDBA9A55AFA6}.Ad-Hoc|Any CPU.ActiveCfg = Debug|Any CPU
		{8D1E2ABE-84CE-4FEE-BB50-FDBA9A55AFA6}.Ad-Hoc|Any CPU.Build.0 = Debug|Any CPU
		{8D1E2ABE-84CE-4FEE-BB50-FDBA9A55AFA6}.Ad-Hoc|Any CPU.Deploy.0 = Debug|Any CPU
		{8D1E2ABE-84CE-4FEE-BB50-FDBA9A55AFA6}.Ad-Hoc|ARM.ActiveCfg = Debug|Any CPU
		{8D1E2ABE-84CE-4FEE-BB50-FDBA9A55AFA6}.Ad-Hoc|ARM.Build.0 = Debug|Any CPU
		{8D1E2ABE-84CE-4FEE-BB50-FDBA9A55AFA6}.Ad-Hoc|ARM.Deploy.0 = Debug|Any CPU
		{8D1E2ABE-84CE-4FEE-BB50-FDBA9A55AFA6}.Ad-Hoc|iPhone.ActiveCfg = Debug|Any CPU
		{8D1E2ABE-84CE-4FEE-BB50-FDBA9A55AFA6}.Ad-Hoc|iPhone.Build.0 = Debug|Any CPU
		{8D1E2ABE-84CE-4FEE-BB50-FDBA9A55AFA6}.Ad-Hoc|iPhone.Deploy.0 = Debug|Any CPU
		{8D1E2ABE-84CE-4FEE-BB50-FDBA9A55AFA6}.Ad-Hoc|iPhoneSimulator.ActiveCfg = Debug|Any CPU
		{8D1E2ABE-84CE-4FEE-BB50-FDBA9A55AFA6}.Ad-Hoc|iPhoneSimulator.Build.0 = Debug|Any CPU
		{8D1E2ABE-84CE-4FEE-BB50-FDBA9A55AFA6}.Ad-Hoc|iPhoneSimulator.Deploy.0 = Debug|Any CPU
		{8D1E2ABE-84CE-4FEE-BB50-FDBA9A55AFA6}.Ad-Hoc|x64.ActiveCfg = Debug|Any CPU
		{8D1E2ABE-84CE-4FEE-BB50-FDBA9A55AFA6}.Ad-Hoc|x64.Build.0 = Debug|Any CPU
		{8D1E2ABE-84CE-4FEE-BB50-FDBA9A55AFA6}.Ad-Hoc|x64.Deploy.0 = Debug|Any CPU
		{8D1E2ABE-84CE-4FEE-BB50-FDBA9A55AFA6}.Ad-Hoc|x86.ActiveCfg = Debug|Any CPU
		{8D1E2ABE-84CE-4FEE-BB50-FDBA9A55AFA6}.Ad-Hoc|x86.Build.0 = Debug|Any CPU
		{8D1E2ABE-84CE-4FEE-BB50-FDBA9A55AFA6}.Ad-Hoc|x86.Deploy.0 = Debug|Any CPU
		{8D1E2ABE-84CE-4FEE-BB50-FDBA9A55AFA6}.AppStore|Any CPU.ActiveCfg = Debug|Any CPU
		{8D1E2ABE-84CE-4FEE-BB50-FDBA9A55AFA6}.AppStore|Any CPU.Build.0 = Debug|Any CPU
		{8D1E2ABE-84CE-4FEE-BB50-FDBA9A55AFA6}.AppStore|Any CPU.Deploy.0 = Debug|Any CPU
		{8D1E2ABE-84CE-4FEE-BB50-FDBA9A55AFA6}.AppStore|ARM.ActiveCfg = Debug|Any CPU
		{8D1E2ABE-84CE-4FEE-BB50-FDBA9A55AFA6}.AppStore|ARM.Build.0 = Debug|Any CPU
		{8D1E2ABE-84CE-4FEE-BB50-FDBA9A55AFA6}.AppStore|ARM.Deploy.0 = Debug|Any CPU
		{8D1E2ABE-84CE-4FEE-BB50-FDBA9A55AFA6}.AppStore|iPhone.ActiveCfg = Debug|Any CPU
		{8D1E2ABE-84CE-4FEE-BB50-FDBA9A55AFA6}.AppStore|iPhone.Build.0 = Debug|Any CPU
		{8D1E2ABE-84CE-4FEE-BB50-FDBA9A55AFA6}.AppStore|iPhone.Deploy.0 = Debug|Any CPU
		{8D1E2ABE-84CE-4FEE-BB50-FDBA9A55AFA6}.AppStore|iPhoneSimulator.ActiveCfg = Debug|Any CPU
		{8D1E2ABE-84CE-4FEE-BB50-FDBA9A55AFA6}.AppStore|iPhoneSimulator.Build.0 = Debug|Any CPU
		{8D1E2ABE-84CE-4FEE-BB50-FDBA9A55AFA6}.AppStore|iPhoneSimulator.Deploy.0 = Debug|Any CPU
		{8D1E2ABE-84CE-4FEE-BB50-FDBA9A55AFA6}.AppStore|x64.ActiveCfg = Debug|Any CPU
		{8D1E2ABE-84CE-4FEE-BB50-FDBA9A55AFA6}.AppStore|x64.Build.0 = Debug|Any CPU
		{8D1E2ABE-84CE-4FEE-BB50-FDBA9A55AFA6}.AppStore|x64.Deploy.0 = Debug|Any CPU
		{8D1E2ABE-84CE-4FEE-BB50-FDBA9A55AFA6}.AppStore|x86.ActiveCfg = Debug|Any CPU
		{8D1E2ABE-84CE-4FEE-BB50-FDBA9A55AFA6}.AppStore|x86.Build.0 = Debug|Any CPU
		{8D1E2ABE-84CE-4FEE-BB50-FDBA9A55AFA6}.AppStore|x86.Deploy.0 = Debug|Any CPU
		{8D1E2ABE-84CE-4FEE-BB50-FDBA9A55AFA6}.Debug|Any CPU.ActiveCfg = Debug|Any CPU
		{8D1E2ABE-84CE-4FEE-BB50-FDBA9A55AFA6}.Debug|Any CPU.Build.0 = Debug|Any CPU
		{8D1E2ABE-84CE-4FEE-BB50-FDBA9A55AFA6}.Debug|Any CPU.Deploy.0 = Debug|Any CPU
		{8D1E2ABE-84CE-4FEE-BB50-FDBA9A55AFA6}.Debug|ARM.ActiveCfg = Debug|Any CPU
		{8D1E2ABE-84CE-4FEE-BB50-FDBA9A55AFA6}.Debug|ARM.Build.0 = Debug|Any CPU
		{8D1E2ABE-84CE-4FEE-BB50-FDBA9A55AFA6}.Debug|ARM.Deploy.0 = Debug|Any CPU
		{8D1E2ABE-84CE-4FEE-BB50-FDBA9A55AFA6}.Debug|iPhone.ActiveCfg = Debug|Any CPU
		{8D1E2ABE-84CE-4FEE-BB50-FDBA9A55AFA6}.Debug|iPhone.Build.0 = Debug|Any CPU
		{8D1E2ABE-84CE-4FEE-BB50-FDBA9A55AFA6}.Debug|iPhone.Deploy.0 = Debug|Any CPU
		{8D1E2ABE-84CE-4FEE-BB50-FDBA9A55AFA6}.Debug|iPhoneSimulator.ActiveCfg = Debug|Any CPU
		{8D1E2ABE-84CE-4FEE-BB50-FDBA9A55AFA6}.Debug|iPhoneSimulator.Build.0 = Debug|Any CPU
		{8D1E2ABE-84CE-4FEE-BB50-FDBA9A55AFA6}.Debug|iPhoneSimulator.Deploy.0 = Debug|Any CPU
		{8D1E2ABE-84CE-4FEE-BB50-FDBA9A55AFA6}.Debug|x64.ActiveCfg = Debug|Any CPU
		{8D1E2ABE-84CE-4FEE-BB50-FDBA9A55AFA6}.Debug|x64.Build.0 = Debug|Any CPU
		{8D1E2ABE-84CE-4FEE-BB50-FDBA9A55AFA6}.Debug|x64.Deploy.0 = Debug|Any CPU
		{8D1E2ABE-84CE-4FEE-BB50-FDBA9A55AFA6}.Debug|x86.ActiveCfg = Debug|Any CPU
		{8D1E2ABE-84CE-4FEE-BB50-FDBA9A55AFA6}.Debug|x86.Build.0 = Debug|Any CPU
		{8D1E2ABE-84CE-4FEE-BB50-FDBA9A55AFA6}.Debug|x86.Deploy.0 = Debug|Any CPU
		{8D1E2ABE-84CE-4FEE-BB50-FDBA9A55AFA6}.Release|Any CPU.ActiveCfg = Release|Any CPU
		{8D1E2ABE-84CE-4FEE-BB50-FDBA9A55AFA6}.Release|Any CPU.Build.0 = Release|Any CPU
		{8D1E2ABE-84CE-4FEE-BB50-FDBA9A55AFA6}.Release|Any CPU.Deploy.0 = Release|Any CPU
		{8D1E2ABE-84CE-4FEE-BB50-FDBA9A55AFA6}.Release|ARM.ActiveCfg = Release|Any CPU
		{8D1E2ABE-84CE-4FEE-BB50-FDBA9A55AFA6}.Release|ARM.Build.0 = Release|Any CPU
		{8D1E2ABE-84CE-4FEE-BB50-FDBA9A55AFA6}.Release|ARM.Deploy.0 = Release|Any CPU
		{8D1E2ABE-84CE-4FEE-BB50-FDBA9A55AFA6}.Release|iPhone.ActiveCfg = Release|Any CPU
		{8D1E2ABE-84CE-4FEE-BB50-FDBA9A55AFA6}.Release|iPhone.Build.0 = Release|Any CPU
		{8D1E2ABE-84CE-4FEE-BB50-FDBA9A55AFA6}.Release|iPhone.Deploy.0 = Release|Any CPU
		{8D1E2ABE-84CE-4FEE-BB50-FDBA9A55AFA6}.Release|iPhoneSimulator.ActiveCfg = Release|Any CPU
		{8D1E2ABE-84CE-4FEE-BB50-FDBA9A55AFA6}.Release|iPhoneSimulator.Build.0 = Release|Any CPU
		{8D1E2ABE-84CE-4FEE-BB50-FDBA9A55AFA6}.Release|iPhoneSimulator.Deploy.0 = Release|Any CPU
		{8D1E2ABE-84CE-4FEE-BB50-FDBA9A55AFA6}.Release|x64.ActiveCfg = Release|Any CPU
		{8D1E2ABE-84CE-4FEE-BB50-FDBA9A55AFA6}.Release|x64.Build.0 = Release|Any CPU
		{8D1E2ABE-84CE-4FEE-BB50-FDBA9A55AFA6}.Release|x64.Deploy.0 = Release|Any CPU
		{8D1E2ABE-84CE-4FEE-BB50-FDBA9A55AFA6}.Release|x86.ActiveCfg = Release|Any CPU
		{8D1E2ABE-84CE-4FEE-BB50-FDBA9A55AFA6}.Release|x86.Build.0 = Release|Any CPU
		{8D1E2ABE-84CE-4FEE-BB50-FDBA9A55AFA6}.Release|x86.Deploy.0 = Release|Any CPU
	EndGlobalSection
	GlobalSection(SolutionProperties) = preSolution
		HideSolutionNode = FALSE
	EndGlobalSection
	GlobalSection(ExtensibilityGlobals) = postSolution
		SolutionGuid = {A5783275-298B-4AC0-BD9C-2E64FAC9AC84}
	EndGlobalSection
EndGlobal
